
Microsoft Visual Studio Solution File, Format Version 12.00
# Visual Studio Version 17
VisualStudioVersion = 17.2.32630.192
MinimumVisualStudioVersion = 10.0.40219.1
Project("{9A19103F-16F7-4668-BE54-9A1E7A4F7556}") = "Control", "Control\Control.csproj", "{EAB5D795-1177-4801-BF5D-C8BBF8F9715B}"
EndProject
Project("{9A19103F-16F7-4668-BE54-9A1E7A4F7556}") = "Creative", "Creative\Creative.csproj", "{F2C0F8AE-2014-4909-B7B6-9D33B7F4327B}"
EndProject
Global
	GlobalSection(SolutionConfigurationPlatforms) = preSolution
		Debug|Any CPU = Debug|Any CPU
		Release|Any CPU = Release|Any CPU
	EndGlobalSection
	GlobalSection(ProjectConfigurationPlatforms) = postSolution
		{EAB5D795-1177-4801-BF5D-C8BBF8F9715B}.Debug|Any CPU.ActiveCfg = Debug|Any CPU
		{EAB5D795-1177-4801-BF5D-C8BBF8F9715B}.Debug|Any CPU.Build.0 = Debug|Any CPU
		{EAB5D795-1177-4801-BF5D-C8BBF8F9715B}.Release|Any CPU.ActiveCfg = Release|Any CPU
		{EAB5D795-1177-4801-BF5D-C8BBF8F9715B}.Release|Any CPU.Build.0 = Release|Any CPU
		{F2C0F8AE-2014-4909-B7B6-9D33B7F4327B}.Debug|Any CPU.ActiveCfg = Debug|Any CPU
		{F2C0F8AE-2014-4909-B7B6-9D33B7F4327B}.Debug|Any CPU.Build.0 = Debug|Any CPU
		{F2C0F8AE-2014-4909-B7B6-9D33B7F4327B}.Release|Any CPU.ActiveCfg = Release|Any CPU
		{F2C0F8AE-2014-4909-B7B6-9D33B7F4327B}.Release|Any CPU.Build.0 = Release|Any CPU
	EndGlobalSection
	GlobalSection(SolutionProperties) = preSolution
		HideSolutionNode = FALSE
	EndGlobalSection
	GlobalSection(ExtensibilityGlobals) = postSolution
		SolutionGuid = {2D5124A8-DBF5-4CC4-A22A-FBC779733834}
	EndGlobalSection
EndGlobal
