
Microsoft Visual Studio Solution File, Format Version 12.00
# Visual Studio Version 17
VisualStudioVersion = 17.2.32630.192
MinimumVisualStudioVersion = 10.0.40219.1
Project("{9A19103F-16F7-4668-BE54-9A1E7A4F7556}") = "Fordward", "Fordward\Fordward.csproj", "{5AB7DFC4-20FF-4C8F-B4D8-038F5A3442EE}"
EndProject
Project("{9A19103F-16F7-4668-BE54-9A1E7A4F7556}") = "Creative", "Creative\Creative.csproj", "{4E5995BF-981B-46E1-A3E5-42179A181D68}"
EndProject
Global
	GlobalSection(SolutionConfigurationPlatforms) = preSolution
		Debug|Any CPU = Debug|Any CPU
		Release|Any CPU = Release|Any CPU
	EndGlobalSection
	GlobalSection(ProjectConfigurationPlatforms) = postSolution
		{5AB7DFC4-20FF-4C8F-B4D8-038F5A3442EE}.Debug|Any CPU.ActiveCfg = Debug|Any CPU
		{5AB7DFC4-20FF-4C8F-B4D8-038F5A3442EE}.Debug|Any CPU.Build.0 = Debug|Any CPU
		{5AB7DFC4-20FF-4C8F-B4D8-038F5A3442EE}.Release|Any CPU.ActiveCfg = Release|Any CPU
		{5AB7DFC4-20FF-4C8F-B4D8-038F5A3442EE}.Release|Any CPU.Build.0 = Release|Any CPU
		{4E5995BF-981B-46E1-A3E5-42179A181D68}.Debug|Any CPU.ActiveCfg = Debug|Any CPU
		{4E5995BF-981B-46E1-A3E5-42179A181D68}.Debug|Any CPU.Build.0 = Debug|Any CPU
		{4E5995BF-981B-46E1-A3E5-42179A181D68}.Release|Any CPU.ActiveCfg = Release|Any CPU
		{4E5995BF-981B-46E1-A3E5-42179A181D68}.Release|Any CPU.Build.0 = Release|Any CPU
	EndGlobalSection
	GlobalSection(SolutionProperties) = preSolution
		HideSolutionNode = FALSE
	EndGlobalSection
	GlobalSection(ExtensibilityGlobals) = postSolution
		SolutionGuid = {C5FBF8D2-A9D3-4D84-BABA-B1DE5AF1C300}
	EndGlobalSection
EndGlobal
