
Microsoft Visual Studio Solution File, Format Version 12.00
# Visual Studio Version 17
VisualStudioVersion = 17.2.32630.192
MinimumVisualStudioVersion = 10.0.40219.1
Project("{9A19103F-16F7-4668-BE54-9A1E7A4F7556}") = "SEG.Api", "SEG.Api\SEG.Api.csproj", "{45107E02-4582-46BA-A202-5F2D68F4015B}"
EndProject
Project("{9A19103F-16F7-4668-BE54-9A1E7A4F7556}") = "CoreSEG", "CoreSEG\CoreSEG.csproj", "{4D36313A-026E-4D7A-8DC7-68ADC7E03CEC}"
EndProject
Global
	GlobalSection(SolutionConfigurationPlatforms) = preSolution
		Debug|Any CPU = Debug|Any CPU
		Release|Any CPU = Release|Any CPU
	EndGlobalSection
	GlobalSection(ProjectConfigurationPlatforms) = postSolution
		{45107E02-4582-46BA-A202-5F2D68F4015B}.Debug|Any CPU.ActiveCfg = Debug|Any CPU
		{45107E02-4582-46BA-A202-5F2D68F4015B}.Debug|Any CPU.Build.0 = Debug|Any CPU
		{45107E02-4582-46BA-A202-5F2D68F4015B}.Release|Any CPU.ActiveCfg = Release|Any CPU
		{45107E02-4582-46BA-A202-5F2D68F4015B}.Release|Any CPU.Build.0 = Release|Any CPU
		{4D36313A-026E-4D7A-8DC7-68ADC7E03CEC}.Debug|Any CPU.ActiveCfg = Debug|Any CPU
		{4D36313A-026E-4D7A-8DC7-68ADC7E03CEC}.Debug|Any CPU.Build.0 = Debug|Any CPU
		{4D36313A-026E-4D7A-8DC7-68ADC7E03CEC}.Release|Any CPU.ActiveCfg = Release|Any CPU
		{4D36313A-026E-4D7A-8DC7-68ADC7E03CEC}.Release|Any CPU.Build.0 = Release|Any CPU
	EndGlobalSection
	GlobalSection(SolutionProperties) = preSolution
		HideSolutionNode = FALSE
	EndGlobalSection
	GlobalSection(ExtensibilityGlobals) = postSolution
		SolutionGuid = {D4E834B9-B829-463D-862E-9E89331D163F}
	EndGlobalSection
EndGlobal
