
Microsoft Visual Studio Solution File, Format Version 12.00
# Visual Studio Version 17
VisualStudioVersion = 17.2.32630.192
MinimumVisualStudioVersion = 10.0.40219.1
Project("{9A19103F-16F7-4668-BE54-9A1E7A4F7556}") = "Fordward.Api", "Fordward.Api\Fordward.Api.csproj", "{F406FFD1-D95C-4DE9-8C65-A1F16B572D3A}"
EndProject
Project("{9A19103F-16F7-4668-BE54-9A1E7A4F7556}") = "Creative", "Creative\Creative.csproj", "{0A17AD11-987B-4F66-A601-A4FF5E109191}"
EndProject
Global
	GlobalSection(SolutionConfigurationPlatforms) = preSolution
		Debug|Any CPU = Debug|Any CPU
		Release|Any CPU = Release|Any CPU
	EndGlobalSection
	GlobalSection(ProjectConfigurationPlatforms) = postSolution
		{F406FFD1-D95C-4DE9-8C65-A1F16B572D3A}.Debug|Any CPU.ActiveCfg = Debug|Any CPU
		{F406FFD1-D95C-4DE9-8C65-A1F16B572D3A}.Debug|Any CPU.Build.0 = Debug|Any CPU
		{F406FFD1-D95C-4DE9-8C65-A1F16B572D3A}.Release|Any CPU.ActiveCfg = Release|Any CPU
		{F406FFD1-D95C-4DE9-8C65-A1F16B572D3A}.Release|Any CPU.Build.0 = Release|Any CPU
		{0A17AD11-987B-4F66-A601-A4FF5E109191}.Debug|Any CPU.ActiveCfg = Debug|Any CPU
		{0A17AD11-987B-4F66-A601-A4FF5E109191}.Debug|Any CPU.Build.0 = Debug|Any CPU
		{0A17AD11-987B-4F66-A601-A4FF5E109191}.Release|Any CPU.ActiveCfg = Release|Any CPU
		{0A17AD11-987B-4F66-A601-A4FF5E109191}.Release|Any CPU.Build.0 = Release|Any CPU
	EndGlobalSection
	GlobalSection(SolutionProperties) = preSolution
		HideSolutionNode = FALSE
	EndGlobalSection
	GlobalSection(ExtensibilityGlobals) = postSolution
		SolutionGuid = {C9DA9D50-9C1E-43F0-8433-AC393E1609E7}
	EndGlobalSection
EndGlobal
