
Microsoft Visual Studio Solution File, Format Version 12.00
# Visual Studio Version 17
VisualStudioVersion = 17.2.32630.192
MinimumVisualStudioVersion = 10.0.40219.1
Project("{9A19103F-16F7-4668-BE54-9A1E7A4F7556}") = "Tactic", "Tactic\Tactic.csproj", "{82CD13A3-44E2-4534-8687-405D67AA111E}"
EndProject
Project("{9A19103F-16F7-4668-BE54-9A1E7A4F7556}") = "Creative", "Creative\Creative.csproj", "{32DCF5BD-60D2-4E93-B6DB-EA5F4809ABB8}"
EndProject
Global
	GlobalSection(SolutionConfigurationPlatforms) = preSolution
		Debug|Any CPU = Debug|Any CPU
		Release|Any CPU = Release|Any CPU
	EndGlobalSection
	GlobalSection(ProjectConfigurationPlatforms) = postSolution
		{82CD13A3-44E2-4534-8687-405D67AA111E}.Debug|Any CPU.ActiveCfg = Debug|Any CPU
		{82CD13A3-44E2-4534-8687-405D67AA111E}.Debug|Any CPU.Build.0 = Debug|Any CPU
		{82CD13A3-44E2-4534-8687-405D67AA111E}.Release|Any CPU.ActiveCfg = Release|Any CPU
		{82CD13A3-44E2-4534-8687-405D67AA111E}.Release|Any CPU.Build.0 = Release|Any CPU
		{32DCF5BD-60D2-4E93-B6DB-EA5F4809ABB8}.Debug|Any CPU.ActiveCfg = Debug|Any CPU
		{32DCF5BD-60D2-4E93-B6DB-EA5F4809ABB8}.Debug|Any CPU.Build.0 = Debug|Any CPU
		{32DCF5BD-60D2-4E93-B6DB-EA5F4809ABB8}.Release|Any CPU.ActiveCfg = Release|Any CPU
		{32DCF5BD-60D2-4E93-B6DB-EA5F4809ABB8}.Release|Any CPU.Build.0 = Release|Any CPU
	EndGlobalSection
	GlobalSection(SolutionProperties) = preSolution
		HideSolutionNode = FALSE
	EndGlobalSection
	GlobalSection(ExtensibilityGlobals) = postSolution
		SolutionGuid = {7376A126-711D-44AD-B4FA-4903F03BB6BD}
	EndGlobalSection
EndGlobal
