
Microsoft Visual Studio Solution File, Format Version 12.00
# Visual Studio Version 17
VisualStudioVersion = 17.2.32630.192
MinimumVisualStudioVersion = 10.0.40219.1
Project("{9A19103F-16F7-4668-BE54-9A1E7A4F7556}") = "Tactic.Api", "Tactic.Api\Tactic.Api.csproj", "{5F21D3E2-C99B-4C7A-B5C5-F2E0E7147948}"
EndProject
Project("{9A19103F-16F7-4668-BE54-9A1E7A4F7556}") = "Creative", "Creative\Creative.csproj", "{04073078-1140-4424-85AE-860AD0E0869A}"
EndProject
Global
	GlobalSection(SolutionConfigurationPlatforms) = preSolution
		Debug|Any CPU = Debug|Any CPU
		Release|Any CPU = Release|Any CPU
	EndGlobalSection
	GlobalSection(ProjectConfigurationPlatforms) = postSolution
		{5F21D3E2-C99B-4C7A-B5C5-F2E0E7147948}.Debug|Any CPU.ActiveCfg = Debug|Any CPU
		{5F21D3E2-C99B-4C7A-B5C5-F2E0E7147948}.Debug|Any CPU.Build.0 = Debug|Any CPU
		{5F21D3E2-C99B-4C7A-B5C5-F2E0E7147948}.Release|Any CPU.ActiveCfg = Release|Any CPU
		{5F21D3E2-C99B-4C7A-B5C5-F2E0E7147948}.Release|Any CPU.Build.0 = Release|Any CPU
		{04073078-1140-4424-85AE-860AD0E0869A}.Debug|Any CPU.ActiveCfg = Debug|Any CPU
		{04073078-1140-4424-85AE-860AD0E0869A}.Debug|Any CPU.Build.0 = Debug|Any CPU
		{04073078-1140-4424-85AE-860AD0E0869A}.Release|Any CPU.ActiveCfg = Release|Any CPU
		{04073078-1140-4424-85AE-860AD0E0869A}.Release|Any CPU.Build.0 = Release|Any CPU
	EndGlobalSection
	GlobalSection(SolutionProperties) = preSolution
		HideSolutionNode = FALSE
	EndGlobalSection
	GlobalSection(ExtensibilityGlobals) = postSolution
		SolutionGuid = {3D8E14EC-41E4-4891-948E-97F00DDAE044}
	EndGlobalSection
EndGlobal
